{
  "lockfileVersion": 1,
  "workspaces": {
    "": {
      "name": "lang",
      "dependencies": {
        "prettier": "^3.6.2",
        "raylib": "^0.14.0",
      },
      "devDependencies": {
        "@types/bun": "latest",
      },
      "peerDependencies": {
        "typescript": "^5",
      },
    },
  },
  "packages": {
    "@types/bun": ["@types/bun@1.2.20", "", { "dependencies": { "bun-types": "1.2.20" } }, "sha512-dX3RGzQ8+KgmMw7CsW4xT5ITBSCrSbfHc36SNT31EOUg/LA9JWq0VDdEXDRSe1InVWpd2yLUM1FUF/kEOyTzYA=="],

    "@types/node": ["@types/node@24.2.1", "", { "dependencies": { "undici-types": "~7.10.0" } }, "sha512-DRh5K+ka5eJic8CjH7td8QpYEV6Zo10gfRkjHCO3weqZHWDtAaSTFtl4+VMqOJ4N5jcuhZ9/l+yy8rVgw7BQeQ=="],

    "@types/react": ["@types/react@19.1.10", "", { "dependencies": { "csstype": "^3.0.2" } }, "sha512-EhBeSYX0Y6ye8pNebpKrwFJq7BoQ8J5SO6NlvNwwHjSj6adXJViPQrKlsyPw7hLBLvckEMO1yxeGdR82YBBlDg=="],

    "bun-types": ["bun-types@1.2.20", "", { "dependencies": { "@types/node": "*" }, "peerDependencies": { "@types/react": "^19" } }, "sha512-pxTnQYOrKvdOwyiyd/7sMt9yFOenN004Y6O4lCcCUoKVej48FS5cvTw9geRaEcB9TsDZaJKAxPTVvi8tFsVuXA=="],

    "cross-fetch": ["cross-fetch@3.2.0", "", { "dependencies": { "node-fetch": "^2.7.0" } }, "sha512-Q+xVJLoGOeIMXZmbUK4HYk+69cQH6LudR0Vu/pRm2YlU/hDV9CiS0gKUMaWY5f2NeUH9C1nV3bsTlCo0FsTV1Q=="],

    "csstype": ["csstype@3.1.3", "", {}, "sha512-M1uQkMl8rQK/szD0LNhtqxIPLpimGm8sOBwU7lLnCpSbTyY3yeU1Vc7l4KT5zT4s/yOxHH5O7tIuuLOCnLADRw=="],

    "module-alias": ["module-alias@2.2.3", "", {}, "sha512-23g5BFj4zdQL/b6tor7Ji+QY4pEfNH784BMslY9Qb0UnJWRAt+lQGLYmRaM0KDBwIG23ffEBELhZDP2rhi9f/Q=="],

    "node-fetch": ["node-fetch@2.7.0", "", { "dependencies": { "whatwg-url": "^5.0.0" }, "peerDependencies": { "encoding": "^0.1.0" }, "optionalPeers": ["encoding"] }, "sha512-c4FRfUm/dbcWZ7U+1Wq0AwCyFL+3nt2bEw05wfxSz+DWpWsitgmSgYmy2dQdWyKC1694ELPqMs/YzUSNozLt8A=="],

    "prettier": ["prettier@3.6.2", "", { "bin": { "prettier": "bin/prettier.cjs" } }, "sha512-I7AIg5boAr5R0FFtJ6rCfD+LFsWHp81dolrFD8S79U9tb8Az2nGrJncnMSnys+bpQJfRUzqs9hnA81OAA3hCuQ=="],

    "raylib": ["raylib@0.14.0", "", { "dependencies": { "cross-fetch": "^3.1.5", "module-alias": "^2.2.2" }, "bin": { "raylib": "bin/node-raylib" } }, "sha512-6dwsArtyWNhL+1R+uBpNlf+4Korpp24vdUKs24k27kMbvSmz8MJGh1ysXCjO5q6lQWKrfs/x4b2w+ygFV58I7g=="],

    "tr46": ["tr46@0.0.3", "", {}, "sha512-N3WMsuqV66lT30CrXNbEjx4GEwlow3v6rr4mCcv6prnfwhS01rkgyFdjPNBYd9br7LpXV1+Emh01fHnq2Gdgrw=="],

    "typescript": ["typescript@5.9.2", "", { "bin": { "tsc": "bin/tsc", "tsserver": "bin/tsserver" } }, "sha512-CWBzXQrc/qOkhidw1OzBTQuYRbfyxDXJMVJ1XNwUHGROVmuaeiEm3OslpZ1RV96d7SKKjZKrSJu3+t/xlw3R9A=="],

    "undici-types": ["undici-types@7.10.0", "", {}, "sha512-t5Fy/nfn+14LuOc2KNYg75vZqClpAiqscVvMygNnlsHBFpSXdJaYtXMcdNLpl/Qvc3P2cB3s6lOV51nqsFq4ag=="],

    "webidl-conversions": ["webidl-conversions@3.0.1", "", {}, "sha512-2JAn3z8AR6rjK8Sm8orRC0h/bcl/DqL7tRPdGZ4I1CjdF+EaMLmYxBHyXuKL849eucPFhvBoxMsflfOb8kxaeQ=="],

    "whatwg-url": ["whatwg-url@5.0.0", "", { "dependencies": { "tr46": "~0.0.3", "webidl-conversions": "^3.0.0" } }, "sha512-saE57nupxk6v3HY35+jzBwYa0rKSy0XR8JSxZPwgLr7ys0IBzhGviA1/TUGJLmSVqs8pb9AnvICXEuOHLprYTw=="],
  }
}
